
Microsoft Visual Studio Solution File, Format Version 12.00
# Visual Studio Version 17
VisualStudioVersion = 17.14.37216.2 d17.14
MinimumVisualStudioVersion = 10.0.40219.1
Project("{FAE04EC0-301F-11D3-BF4B-00C04F79EFBC}") = "ZaalvoetbalService", "ZaalvoetbalService\ZaalvoetbalService.csproj", "{D2C2D360-DA66-41E1-BF9A-B9FB8EE66329}"
EndProject
Global
	GlobalSection(SolutionConfigurationPlatforms) = preSolution
		Debug|Any CPU = Debug|Any CPU
		Release|Any CPU = Release|Any CPU
	EndGlobalSection
	GlobalSection(ProjectConfigurationPlatforms) = postSolution
		{D2C2D360-DA66-41E1-BF9A-B9FB8EE66329}.Debug|Any CPU.ActiveCfg = Debug|Any CPU
		{D2C2D360-DA66-41E1-BF9A-B9FB8EE66329}.Debug|Any CPU.Build.0 = Debug|Any CPU
		{D2C2D360-DA66-41E1-BF9A-B9FB8EE66329}.Release|Any CPU.ActiveCfg = Release|Any CPU
		{D2C2D360-DA66-41E1-BF9A-B9FB8EE66329}.Release|Any CPU.Build.0 = Release|Any CPU
	EndGlobalSection
	GlobalSection(SolutionProperties) = preSolution
		HideSolutionNode = FALSE
	EndGlobalSection
	GlobalSection(ExtensibilityGlobals) = postSolution
		SolutionGuid = {AC465F34-1191-4732-9588-D740AFDD2075}
	EndGlobalSection
EndGlobal
